// !$*UTF8*$!
{
	archiveVersion = 1;
	classes = {
	};
	objectVersion = 77;
	objects = {

/* Begin PBXBuildFile section */
		2068628EDA7BE8DFC7199D3E /* PilotRemoteApp.swift in Sources */ = {isa = PBXBuildFile; fileRef = 510987F676F116C17795C6FB /* PilotRemoteApp.swift */; };
		3F6A12A77AEBECC737BB5B3A /* ContentView.swift in Sources */ = {isa = PBXBuildFile; fileRef = 2C60ACDE7D037AB173DC6773 /* ContentView.swift */; };
		57736C9A63DD44DADDEB95E8 /* ServerStore.swift in Sources */ = {isa = PBXBuildFile; fileRef = 33A3225C694BDBEBE4363351 /* ServerStore.swift */; };
		6119562199BE128581E4D2EE /* BonjourDiscovery.swift in Sources */ = {isa = PBXBuildFile; fileRef = 9FBAFA24F73329D616C65541 /* BonjourDiscovery.swift */; };
		710E47FD30FB466A78EDC531 /* Assets.xcassets in Resources */ = {isa = PBXBuildFile; fileRef = A836059B048E2DD0A7F8E06F /* Assets.xcassets */; };
		A73754C073F9CE937E031784 /* NotificationManager.swift in Sources */ = {isa = PBXBuildFile; fileRef = 6D5822204DB07629D202F34D /* NotificationManager.swift */; };
		AEC54F210164D9548E8F23D0 /* ConnectionView.swift in Sources */ = {isa = PBXBuildFile; fileRef = CC78882301272257B0F6506F /* ConnectionView.swift */; };
		C1B266EEFCCC3CCA32331D89 /* PilotWebView.swift in Sources */ = {isa = PBXBuildFile; fileRef = 5EC0BE071B525C56FAABB959 /* PilotWebView.swift */; };
/* End PBXBuildFile section */

/* Begin PBXFileReference section */
		2C60ACDE7D037AB173DC6773 /* ContentView.swift */ = {isa = PBXFileReference; lastKnownFileType = sourcecode.swift; path = ContentView.swift; sourceTree = "<group>"; };
		33A3225C694BDBEBE4363351 /* ServerStore.swift */ = {isa = PBXFileReference; lastKnownFileType = sourcecode.swift; path = ServerStore.swift; sourceTree = "<group>"; };
		3802B09906D1D60A9185CC9F /* PilotRemote.entitlements */ = {isa = PBXFileReference; lastKnownFileType = text.plist.entitlements; path = PilotRemote.entitlements; sourceTree = "<group>"; };
		510987F676F116C17795C6FB /* PilotRemoteApp.swift */ = {isa = PBXFileReference; lastKnownFileType = sourcecode.swift; path = PilotRemoteApp.swift; sourceTree = "<group>"; };
		5EC0BE071B525C56FAABB959 /* PilotWebView.swift */ = {isa = PBXFileReference; lastKnownFileType = sourcecode.swift; path = PilotWebView.swift; sourceTree = "<group>"; };
		6D5822204DB07629D202F34D /* NotificationManager.swift */ = {isa = PBXFileReference; lastKnownFileType = sourcecode.swift; path = NotificationManager.swift; sourceTree = "<group>"; };
		839181B06C7E4E1FC431C746 /* Info.plist */ = {isa = PBXFileReference; lastKnownFileType = text.plist; path = Info.plist; sourceTree = "<group>"; };
		9FBAFA24F73329D616C65541 /* BonjourDiscovery.swift */ = {isa = PBXFileReference; lastKnownFileType = sourcecode.swift; path = BonjourDiscovery.swift; sourceTree = "<group>"; };
		A836059B048E2DD0A7F8E06F /* Assets.xcassets */ = {isa = PBXFileReference; lastKnownFileType = folder.assetcatalog; path = Assets.xcassets; sourceTree = "<group>"; };
		CC78882301272257B0F6506F /* ConnectionView.swift */ = {isa = PBXFileReference; lastKnownFileType = sourcecode.swift; path = ConnectionView.swift; sourceTree = "<group>"; };
		CDF1BBEC2E6E928BA0BD92E9 /* PilotRemote.app */ = {isa = PBXFileReference; includeInIndex = 0; lastKnownFileType = wrapper.application; path = PilotRemote.app; sourceTree = BUILT_PRODUCTS_DIR; };
/* End PBXFileReference section */

/* Begin PBXGroup section */
		163A1FBD252638CE52903646 /* PilotRemote */ = {
			isa = PBXGroup;
			children = (
				A836059B048E2DD0A7F8E06F /* Assets.xcassets */,
				9FBAFA24F73329D616C65541 /* BonjourDiscovery.swift */,
				CC78882301272257B0F6506F /* ConnectionView.swift */,
				2C60ACDE7D037AB173DC6773 /* ContentView.swift */,
				839181B06C7E4E1FC431C746 /* Info.plist */,
				6D5822204DB07629D202F34D /* NotificationManager.swift */,
				3802B09906D1D60A9185CC9F /* PilotRemote.entitlements */,
				510987F676F116C17795C6FB /* PilotRemoteApp.swift */,
				5EC0BE071B525C56FAABB959 /* PilotWebView.swift */,
				33A3225C694BDBEBE4363351 /* ServerStore.swift */,
			);
			path = PilotRemote;
			sourceTree = "<group>";
		};
		8773B628F6C96B3526CCC3D7 /* Products */ = {
			isa = PBXGroup;
			children = (
				CDF1BBEC2E6E928BA0BD92E9 /* PilotRemote.app */,
			);
			name = Products;
			sourceTree = "<group>";
		};
		A00F9276E9D8E79022740EF1 = {
			isa = PBXGroup;
			children = (
				163A1FBD252638CE52903646 /* PilotRemote */,
				8773B628F6C96B3526CCC3D7 /* Products */,
			);
			sourceTree = "<group>";
		};
/* End PBXGroup section */

/* Begin PBXNativeTarget section */
		0ECDE27D29B55EEBCE2BFD5B /* PilotRemote */ = {
			isa = PBXNativeTarget;
			buildConfigurationList = 66F1CC2CA921472CE5583A41 /* Build configuration list for PBXNativeTarget "PilotRemote" */;
			buildPhases = (
				255957D88D3817A2B91D0736 /* Sources */,
				97853D3675043BC5A24CF632 /* Resources */,
			);
			buildRules = (
			);
			dependencies = (
			);
			name = PilotRemote;
			packageProductDependencies = (
			);
			productName = PilotRemote;
			productReference = CDF1BBEC2E6E928BA0BD92E9 /* PilotRemote.app */;
			productType = "com.apple.product-type.application";
		};
/* End PBXNativeTarget section */

/* Begin PBXProject section */
		0E00208062807C10ABBAB57E /* Project object */ = {
			isa = PBXProject;
			attributes = {
				BuildIndependentTargetsInParallel = YES;
				LastUpgradeCheck = 1500;
				TargetAttributes = {
					0ECDE27D29B55EEBCE2BFD5B = {
						DevelopmentTeam = HSWVN8AT63;
					};
				};
			};
			buildConfigurationList = CB1F2B51D374096918EF9468 /* Build configuration list for PBXProject "PilotRemote" */;
			developmentRegion = en;
			hasScannedForEncodings = 0;
			knownRegions = (
				Base,
				en,
			);
			mainGroup = A00F9276E9D8E79022740EF1;
			minimizedProjectReferenceProxies = 1;
			preferredProjectObjectVersion = 77;
			productRefGroup = 8773B628F6C96B3526CCC3D7 /* Products */;
			projectDirPath = "";
			projectRoot = "";
			targets = (
				0ECDE27D29B55EEBCE2BFD5B /* PilotRemote */,
			);
		};
/* End PBXProject section */

/* Begin PBXResourcesBuildPhase section */
		97853D3675043BC5A24CF632 /* Resources */ = {
			isa = PBXResourcesBuildPhase;
			buildActionMask = 2147483647;
			files = (
				710E47FD30FB466A78EDC531 /* Assets.xcassets in Resources */,
			);
			runOnlyForDeploymentPostprocessing = 0;
		};
/* End PBXResourcesBuildPhase section */

/* Begin PBXSourcesBuildPhase section */
		255957D88D3817A2B91D0736 /* Sources */ = {
			isa = PBXSourcesBuildPhase;
			buildActionMask = 2147483647;
			files = (
				6119562199BE128581E4D2EE /* BonjourDiscovery.swift in Sources */,
				AEC54F210164D9548E8F23D0 /* ConnectionView.swift in Sources */,
				3F6A12A77AEBECC737BB5B3A /* ContentView.swift in Sources */,
				A73754C073F9CE937E031784 /* NotificationManager.swift in Sources */,
				2068628EDA7BE8DFC7199D3E /* PilotRemoteApp.swift in Sources */,
				C1B266EEFCCC3CCA32331D89 /* PilotWebView.swift in Sources */,
				57736C9A63DD44DADDEB95E8 /* ServerStore.swift in Sources */,
			);
			runOnlyForDeploymentPostprocessing = 0;
		};
/* End PBXSourcesBuildPhase section */

/* Begin XCBuildConfiguration section */
		70086251D000AC26212EF3AB /* Debug */ = {
			isa = XCBuildConfiguration;
			buildSettings = {
				ASSETCATALOG_COMPILER_APPICON_NAME = AppIcon;
				CODE_SIGN_ENTITLEMENTS = PilotRemote/PilotRemote.entitlements;
				CODE_SIGN_IDENTITY = "iPhone Developer";
				CURRENT_PROJECT_VERSION = 1;
				INFOPLIST_FILE = PilotRemote/Info.plist;
				LD_RUNPATH_SEARCH_PATHS = (
					"$(inherited)",
					"@executable_path/Frameworks",
				);
				MARKETING_VERSION = 1.0.0;
				PRODUCT_BUNDLE_IDENTIFIER = com.pilot.remote;
				SDKROOT = iphoneos;
				SUPPORTS_XR_DESIGNED_FOR = NO;
				TARGETED_DEVICE_FAMILY = 1;
			};
			name = Debug;
		};
		7459133D193BBE6FF2F7261F /* Release */ = {
			isa = XCBuildConfiguration;
			buildSettings = {
				ALWAYS_SEARCH_USER_PATHS = NO;
				CLANG_ANALYZER_NONNULL = YES;
				CLANG_ANALYZER_NUMBER_OBJECT_CONVERSION = YES_AGGRESSIVE;
				CLANG_CXX_LANGUAGE_STANDARD = "gnu++14";
				CLANG_CXX_LIBRARY = "libc++";
				CLANG_ENABLE_MODULES = YES;
				CLANG_ENABLE_OBJC_ARC = YES;
				CLANG_ENABLE_OBJC_WEAK = YES;
				CLANG_WARN_BLOCK_CAPTURE_AUTORELEASING = YES;
				CLANG_WARN_BOOL_CONVERSION = YES;
				CLANG_WARN_COMMA = YES;
				CLANG_WARN_CONSTANT_CONVERSION = YES;
				CLANG_WARN_DEPRECATED_OBJC_IMPLEMENTATIONS = YES;
				CLANG_WARN_DIRECT_OBJC_ISA_USAGE = YES_ERROR;
				CLANG_WARN_DOCUMENTATION_COMMENTS = YES;
				CLANG_WARN_EMPTY_BODY = YES;
				CLANG_WARN_ENUM_CONVERSION = YES;
				CLANG_WARN_INFINITE_RECURSION = YES;
				CLANG_WARN_INT_CONVERSION = YES;
				CLANG_WARN_NON_LITERAL_NULL_CONVERSION = YES;
				CLANG_WARN_OBJC_IMPLICIT_RETAIN_SELF = YES;
				CLANG_WARN_OBJC_LITERAL_CONVERSION = YES;
				CLANG_WARN_OBJC_ROOT_CLASS = YES_ERROR;
				CLANG_WARN_QUOTED_INCLUDE_IN_FRAMEWORK_HEADER = YES;
				CLANG_WARN_RANGE_LOOP_ANALYSIS = YES;
				CLANG_WARN_STRICT_PROTOTYPES = YES;
				CLANG_WARN_SUSPICIOUS_MOVE = YES;
				CLANG_WARN_UNGUARDED_AVAILABILITY = YES_AGGRESSIVE;
				CLANG_WARN_UNREACHABLE_CODE = YES;
				CLANG_WARN__DUPLICATE_METHOD_MATCH = YES;
				COPY_PHASE_STRIP = NO;
				DEBUG_INFORMATION_FORMAT = "dwarf-with-dsym";
				DEVELOPMENT_TEAM = HSWVN8AT63;
				ENABLE_NS_ASSERTIONS = NO;
				ENABLE_STRICT_OBJC_MSGSEND = YES;
				GCC_C_LANGUAGE_STANDARD = gnu11;
				GCC_NO_COMMON_BLOCKS = YES;
				GCC_WARN_64_TO_32_BIT_CONVERSION = YES;
				GCC_WARN_ABOUT_RETURN_TYPE = YES_ERROR;
				GCC_WARN_UNDECLARED_SELECTOR = YES;
				GCC_WARN_UNINITIALIZED_AUTOS = YES_AGGRESSIVE;
				GCC_WARN_UNUSED_FUNCTION = YES;
				GCC_WARN_UNUSED_VARIABLE = YES;
				IPHONEOS_DEPLOYMENT_TARGET = 16.0;
				MTL_ENABLE_DEBUG_INFO = NO;
				MTL_FAST_MATH = YES;
				PRODUCT_NAME = "$(TARGET_NAME)";
				SDKROOT = iphoneos;
				SWIFT_COMPILATION_MODE = wholemodule;
				SWIFT_OPTIMIZATION_LEVEL = "-O";
				SWIFT_VERSION = 5.9;
			};
			name = Release;
		};
		A8EEEA6B8EA3C4BDC4F4CE1B /* Debug */ = {
			isa = XCBuildConfiguration;
			buildSettings = {
				ALWAYS_SEARCH_USER_PATHS = NO;
				CLANG_ANALYZER_NONNULL = YES;
				CLANG_ANALYZER_NUMBER_OBJECT_CONVERSION = YES_AGGRESSIVE;
				CLANG_CXX_LANGUAGE_STANDARD = "gnu++14";
				CLANG_CXX_LIBRARY = "libc++";
				CLANG_ENABLE_MODULES = YES;
				CLANG_ENABLE_OBJC_ARC = YES;
				CLANG_ENABLE_OBJC_WEAK = YES;
				CLANG_WARN_BLOCK_CAPTURE_AUTORELEASING = YES;
				CLANG_WARN_BOOL_CONVERSION = YES;
				CLANG_WARN_COMMA = YES;
				CLANG_WARN_CONSTANT_CONVERSION = YES;
				CLANG_WARN_DEPRECATED_OBJC_IMPLEMENTATIONS = YES;
				CLANG_WARN_DIRECT_OBJC_ISA_USAGE = YES_ERROR;
				CLANG_WARN_DOCUMENTATION_COMMENTS = YES;
				CLANG_WARN_EMPTY_BODY = YES;
				CLANG_WARN_ENUM_CONVERSION = YES;
				CLANG_WARN_INFINITE_RECURSION = YES;
				CLANG_WARN_INT_CONVERSION = YES;
				CLANG_WARN_NON_LITERAL_NULL_CONVERSION = YES;
				CLANG_WARN_OBJC_IMPLICIT_RETAIN_SELF = YES;
				CLANG_WARN_OBJC_LITERAL_CONVERSION = YES;
				CLANG_WARN_OBJC_ROOT_CLASS = YES_ERROR;
				CLANG_WARN_QUOTED_INCLUDE_IN_FRAMEWORK_HEADER = YES;
				CLANG_WARN_RANGE_LOOP_ANALYSIS = YES;
				CLANG_WARN_STRICT_PROTOTYPES = YES;
				CLANG_WARN_SUSPICIOUS_MOVE = YES;
				CLANG_WARN_UNGUARDED_AVAILABILITY = YES_AGGRESSIVE;
				CLANG_WARN_UNREACHABLE_CODE = YES;
				CLANG_WARN__DUPLICATE_METHOD_MATCH = YES;
				COPY_PHASE_STRIP = NO;
				DEBUG_INFORMATION_FORMAT = dwarf;
				DEVELOPMENT_TEAM = HSWVN8AT63;
				ENABLE_STRICT_OBJC_MSGSEND = YES;
				ENABLE_TESTABILITY = YES;
				GCC_C_LANGUAGE_STANDARD = gnu11;
				GCC_DYNAMIC_NO_PIC = NO;
				GCC_NO_COMMON_BLOCKS = YES;
				GCC_OPTIMIZATION_LEVEL = 0;
				GCC_PREPROCESSOR_DEFINITIONS = (
					"$(inherited)",
					"DEBUG=1",
				);
				GCC_WARN_64_TO_32_BIT_CONVERSION = YES;
				GCC_WARN_ABOUT_RETURN_TYPE = YES_ERROR;
				GCC_WARN_UNDECLARED_SELECTOR = YES;
				GCC_WARN_UNINITIALIZED_AUTOS = YES_AGGRESSIVE;
				GCC_WARN_UNUSED_FUNCTION = YES;
				GCC_WARN_UNUSED_VARIABLE = YES;
				IPHONEOS_DEPLOYMENT_TARGET = 16.0;
				MTL_ENABLE_DEBUG_INFO = INCLUDE_SOURCE;
				MTL_FAST_MATH = YES;
				ONLY_ACTIVE_ARCH = YES;
				PRODUCT_NAME = "$(TARGET_NAME)";
				SDKROOT = iphoneos;
				SWIFT_ACTIVE_COMPILATION_CONDITIONS = DEBUG;
				SWIFT_OPTIMIZATION_LEVEL = "-Onone";
				SWIFT_VERSION = 5.9;
			};
			name = Debug;
		};
		C2565DB0014B56E33AE2776D /* Release */ = {
			isa = XCBuildConfiguration;
			buildSettings = {
				ASSETCATALOG_COMPILER_APPICON_NAME = AppIcon;
				CODE_SIGN_ENTITLEMENTS = PilotRemote/PilotRemote.entitlements;
				CODE_SIGN_IDENTITY = "iPhone Developer";
				CURRENT_PROJECT_VERSION = 1;
				INFOPLIST_FILE = PilotRemote/Info.plist;
				LD_RUNPATH_SEARCH_PATHS = (
					"$(inherited)",
					"@executable_path/Frameworks",
				);
				MARKETING_VERSION = 1.0.0;
				PRODUCT_BUNDLE_IDENTIFIER = com.pilot.remote;
				SDKROOT = iphoneos;
				SUPPORTS_XR_DESIGNED_FOR = NO;
				TARGETED_DEVICE_FAMILY = 1;
			};
			name = Release;
		};
/* End XCBuildConfiguration section */

/* Begin XCConfigurationList section */
		66F1CC2CA921472CE5583A41 /* Build configuration list for PBXNativeTarget "PilotRemote" */ = {
			isa = XCConfigurationList;
			buildConfigurations = (
				70086251D000AC26212EF3AB /* Debug */,
				C2565DB0014B56E33AE2776D /* Release */,
			);
			defaultConfigurationIsVisible = 0;
			defaultConfigurationName = Debug;
		};
		CB1F2B51D374096918EF9468 /* Build configuration list for PBXProject "PilotRemote" */ = {
			isa = XCConfigurationList;
			buildConfigurations = (
				A8EEEA6B8EA3C4BDC4F4CE1B /* Debug */,
				7459133D193BBE6FF2F7261F /* Release */,
			);
			defaultConfigurationIsVisible = 0;
			defaultConfigurationName = Debug;
		};
/* End XCConfigurationList section */
	};
	rootObject = 0E00208062807C10ABBAB57E /* Project object */;
}
